// !$*UTF8*$!
{
	archiveVersion = 1;
	classes = {
	};
	objectVersion = 46;
	objects = {

/* Begin PBXBuildFile section */
		B553317A1B15898A00E5CA70 /* AppDelegate.swift in Sources */ = {isa = PBXBuildFile; fileRef = B55331791B15898A00E5CA70 /* AppDelegate.swift */; };
		B553317C1B15898A00E5CA70 /* ViewController.swift in Sources */ = {isa = PBXBuildFile; fileRef = B553317B1B15898A00E5CA70 /* ViewController.swift */; };
		B553317F1B15898A00E5CA70 /* Main.storyboard in Resources */ = {isa = PBXBuildFile; fileRef = B553317D1B15898A00E5CA70 /* Main.storyboard */; };
		B55331811B15898A00E5CA70 /* Images.xcassets in Resources */ = {isa = PBXBuildFile; fileRef = B55331801B15898A00E5CA70 /* Images.xcassets */; };
		B55331841B15898A00E5CA70 /* LaunchScreen.xib in Resources */ = {isa = PBXBuildFile; fileRef = B55331821B15898A00E5CA70 /* LaunchScreen.xib */; };
		B55331901B15898A00E5CA70 /* TumblrTests.swift in Sources */ = {isa = PBXBuildFile; fileRef = B553318F1B15898A00E5CA70 /* TumblrTests.swift */; };
		B553319A1B15905900E5CA70 /* TabBarViewController.swift in Sources */ = {isa = PBXBuildFile; fileRef = B55331991B15905900E5CA70 /* TabBarViewController.swift */; };
		B553319C1B15906400E5CA70 /* HomeViewController.swift in Sources */ = {isa = PBXBuildFile; fileRef = B553319B1B15906400E5CA70 /* HomeViewController.swift */; };
		B553319E1B15906B00E5CA70 /* SearchViewController.swift in Sources */ = {isa = PBXBuildFile; fileRef = B553319D1B15906B00E5CA70 /* SearchViewController.swift */; };
		B55331A01B15907300E5CA70 /* ComposeViewController.swift in Sources */ = {isa = PBXBuildFile; fileRef = B553319F1B15907300E5CA70 /* ComposeViewController.swift */; };
		B55331A21B15907A00E5CA70 /* AccountViewController.swift in Sources */ = {isa = PBXBuildFile; fileRef = B55331A11B15907A00E5CA70 /* AccountViewController.swift */; };
		B55331A41B15908200E5CA70 /* TrendingViewController.swift in Sources */ = {isa = PBXBuildFile; fileRef = B55331A31B15908200E5CA70 /* TrendingViewController.swift */; };
		B55331A61B15A8BC00E5CA70 /* Common.swift in Sources */ = {isa = PBXBuildFile; fileRef = B55331A51B15A8BC00E5CA70 /* Common.swift */; };
/* End PBXBuildFile section */

/* Begin PBXContainerItemProxy section */
		B553318A1B15898A00E5CA70 /* PBXContainerItemProxy */ = {
			isa = PBXContainerItemProxy;
			containerPortal = B553316C1B15898A00E5CA70 /* Project object */;
			proxyType = 1;
			remoteGlobalIDString = B55331731B15898A00E5CA70;
			remoteInfo = Tumblr;
		};
/* End PBXContainerItemProxy section */

/* Begin PBXFileReference section */
		B55331741B15898A00E5CA70 /* Tumblr.app */ = {isa = PBXFileReference; explicitFileType = wrapper.application; includeInIndex = 0; path = Tumblr.app; sourceTree = BUILT_PRODUCTS_DIR; };
		B55331781B15898A00E5CA70 /* Info.plist */ = {isa = PBXFileReference; lastKnownFileType = text.plist.xml; path = Info.plist; sourceTree = "<group>"; };
		B55331791B15898A00E5CA70 /* AppDelegate.swift */ = {isa = PBXFileReference; lastKnownFileType = sourcecode.swift; path = AppDelegate.swift; sourceTree = "<group>"; };
		B553317B1B15898A00E5CA70 /* ViewController.swift */ = {isa = PBXFileReference; lastKnownFileType = sourcecode.swift; path = ViewController.swift; sourceTree = "<group>"; };
		B553317E1B15898A00E5CA70 /* Base */ = {isa = PBXFileReference; lastKnownFileType = file.storyboard; name = Base; path = Base.lproj/Main.storyboard; sourceTree = "<group>"; };
		B55331801B15898A00E5CA70 /* Images.xcassets */ = {isa = PBXFileReference; lastKnownFileType = folder.assetcatalog; path = Images.xcassets; sourceTree = "<group>"; };
		B55331831B15898A00E5CA70 /* Base */ = {isa = PBXFileReference; lastKnownFileType = file.xib; name = Base; path = Base.lproj/LaunchScreen.xib; sourceTree = "<group>"; };
		B55331891B15898A00E5CA70 /* TumblrTests.xctest */ = {isa = PBXFileReference; explicitFileType = wrapper.cfbundle; includeInIndex = 0; path = TumblrTests.xctest; sourceTree = BUILT_PRODUCTS_DIR; };
		B553318E1B15898A00E5CA70 /* Info.plist */ = {isa = PBXFileReference; lastKnownFileType = text.plist.xml; path = Info.plist; sourceTree = "<group>"; };
		B553318F1B15898A00E5CA70 /* TumblrTests.swift */ = {isa = PBXFileReference; lastKnownFileType = sourcecode.swift; path = TumblrTests.swift; sourceTree = "<group>"; };
		B55331991B15905900E5CA70 /* TabBarViewController.swift */ = {isa = PBXFileReference; fileEncoding = 4; lastKnownFileType = sourcecode.swift; path = TabBarViewController.swift; sourceTree = "<group>"; };
		B553319B1B15906400E5CA70 /* HomeViewController.swift */ = {isa = PBXFileReference; fileEncoding = 4; lastKnownFileType = sourcecode.swift; path = HomeViewController.swift; sourceTree = "<group>"; };
		B553319D1B15906B00E5CA70 /* SearchViewController.swift */ = {isa = PBXFileReference; fileEncoding = 4; lastKnownFileType = sourcecode.swift; path = SearchViewController.swift; sourceTree = "<group>"; };
		B553319F1B15907300E5CA70 /* ComposeViewController.swift */ = {isa = PBXFileReference; fileEncoding = 4; lastKnownFileType = sourcecode.swift; path = ComposeViewController.swift; sourceTree = "<group>"; };
		B55331A11B15907A00E5CA70 /* AccountViewController.swift */ = {isa = PBXFileReference; fileEncoding = 4; lastKnownFileType = sourcecode.swift; path = AccountViewController.swift; sourceTree = "<group>"; };
		B55331A31B15908200E5CA70 /* TrendingViewController.swift */ = {isa = PBXFileReference; fileEncoding = 4; lastKnownFileType = sourcecode.swift; path = TrendingViewController.swift; sourceTree = "<group>"; };
		B55331A51B15A8BC00E5CA70 /* Common.swift */ = {isa = PBXFileReference; fileEncoding = 4; lastKnownFileType = sourcecode.swift; path = Common.swift; sourceTree = "<group>"; };
/* End PBXFileReference section */

/* Begin PBXFrameworksBuildPhase section */
		B55331711B15898A00E5CA70 /* Frameworks */ = {
			isa = PBXFrameworksBuildPhase;
			buildActionMask = 2147483647;
			files = (
			);
			runOnlyForDeploymentPostprocessing = 0;
		};
		B55331861B15898A00E5CA70 /* Frameworks */ = {
			isa = PBXFrameworksBuildPhase;
			buildActionMask = 2147483647;
			files = (
			);
			runOnlyForDeploymentPostprocessing = 0;
		};
/* End PBXFrameworksBuildPhase section */

/* Begin PBXGroup section */
		B553316B1B15898A00E5CA70 = {
			isa = PBXGroup;
			children = (
				B55331761B15898A00E5CA70 /* Tumblr */,
				B553318C1B15898A00E5CA70 /* TumblrTests */,
				B55331751B15898A00E5CA70 /* Products */,
			);
			sourceTree = "<group>";
		};
		B55331751B15898A00E5CA70 /* Products */ = {
			isa = PBXGroup;
			children = (
				B55331741B15898A00E5CA70 /* Tumblr.app */,
				B55331891B15898A00E5CA70 /* TumblrTests.xctest */,
			);
			name = Products;
			sourceTree = "<group>";
		};
		B55331761B15898A00E5CA70 /* Tumblr */ = {
			isa = PBXGroup;
			children = (
				B55331791B15898A00E5CA70 /* AppDelegate.swift */,
				B553317B1B15898A00E5CA70 /* ViewController.swift */,
				B553317D1B15898A00E5CA70 /* Main.storyboard */,
				B55331991B15905900E5CA70 /* TabBarViewController.swift */,
				B553319B1B15906400E5CA70 /* HomeViewController.swift */,
				B553319D1B15906B00E5CA70 /* SearchViewController.swift */,
				B553319F1B15907300E5CA70 /* ComposeViewController.swift */,
				B55331A11B15907A00E5CA70 /* AccountViewController.swift */,
				B55331A51B15A8BC00E5CA70 /* Common.swift */,
				B55331A31B15908200E5CA70 /* TrendingViewController.swift */,
				B55331801B15898A00E5CA70 /* Images.xcassets */,
				B55331821B15898A00E5CA70 /* LaunchScreen.xib */,
				B55331771B15898A00E5CA70 /* Supporting Files */,
			);
			path = Tumblr;
			sourceTree = "<group>";
		};
		B55331771B15898A00E5CA70 /* Supporting Files */ = {
			isa = PBXGroup;
			children = (
				B55331781B15898A00E5CA70 /* Info.plist */,
			);
			name = "Supporting Files";
			sourceTree = "<group>";
		};
		B553318C1B15898A00E5CA70 /* TumblrTests */ = {
			isa = PBXGroup;
			children = (
				B553318F1B15898A00E5CA70 /* TumblrTests.swift */,
				B553318D1B15898A00E5CA70 /* Supporting Files */,
			);
			path = TumblrTests;
			sourceTree = "<group>";
		};
		B553318D1B15898A00E5CA70 /* Supporting Files */ = {
			isa = PBXGroup;
			children = (
				B553318E1B15898A00E5CA70 /* Info.plist */,
			);
			name = "Supporting Files";
			sourceTree = "<group>";
		};
/* End PBXGroup section */

/* Begin PBXNativeTarget section */
		B55331731B15898A00E5CA70 /* Tumblr */ = {
			isa = PBXNativeTarget;
			buildConfigurationList = B55331931B15898A00E5CA70 /* Build configuration list for PBXNativeTarget "Tumblr" */;
			buildPhases = (
				B55331701B15898A00E5CA70 /* Sources */,
				B55331711B15898A00E5CA70 /* Frameworks */,
				B55331721B15898A00E5CA70 /* Resources */,
			);
			buildRules = (
			);
			dependencies = (
			);
			name = Tumblr;
			productName = Tumblr;
			productReference = B55331741B15898A00E5CA70 /* Tumblr.app */;
			productType = "com.apple.product-type.application";
		};
		B55331881B15898A00E5CA70 /* TumblrTests */ = {
			isa = PBXNativeTarget;
			buildConfigurationList = B55331961B15898A00E5CA70 /* Build configuration list for PBXNativeTarget "TumblrTests" */;
			buildPhases = (
				B55331851B15898A00E5CA70 /* Sources */,
				B55331861B15898A00E5CA70 /* Frameworks */,
				B55331871B15898A00E5CA70 /* Resources */,
			);
			buildRules = (
			);
			dependencies = (
				B553318B1B15898A00E5CA70 /* PBXTargetDependency */,
			);
			name = TumblrTests;
			productName = TumblrTests;
			productReference = B55331891B15898A00E5CA70 /* TumblrTests.xctest */;
			productType = "com.apple.product-type.bundle.unit-test";
		};
/* End PBXNativeTarget section */

/* Begin PBXProject section */
		B553316C1B15898A00E5CA70 /* Project object */ = {
			isa = PBXProject;
			attributes = {
				LastUpgradeCheck = 0630;
				ORGANIZATIONNAME = "Sara Lin";
				TargetAttributes = {
					B55331731B15898A00E5CA70 = {
						CreatedOnToolsVersion = 6.3.1;
					};
					B55331881B15898A00E5CA70 = {
						CreatedOnToolsVersion = 6.3.1;
						TestTargetID = B55331731B15898A00E5CA70;
					};
				};
			};
			buildConfigurationList = B553316F1B15898A00E5CA70 /* Build configuration list for PBXProject "Tumblr" */;
			compatibilityVersion = "Xcode 3.2";
			developmentRegion = English;
			hasScannedForEncodings = 0;
			knownRegions = (
				en,
				Base,
			);
			mainGroup = B553316B1B15898A00E5CA70;
			productRefGroup = B55331751B15898A00E5CA70 /* Products */;
			projectDirPath = "";
			projectRoot = "";
			targets = (
				B55331731B15898A00E5CA70 /* Tumblr */,
				B55331881B15898A00E5CA70 /* TumblrTests */,
			);
		};
/* End PBXProject section */

/* Begin PBXResourcesBuildPhase section */
		B55331721B15898A00E5CA70 /* Resources */ = {
			isa = PBXResourcesBuildPhase;
			buildActionMask = 2147483647;
			files = (
				B553317F1B15898A00E5CA70 /* Main.storyboard in Resources */,
				B55331841B15898A00E5CA70 /* LaunchScreen.xib in Resources */,
				B55331811B15898A00E5CA70 /* Images.xcassets in Resources */,
			);
			runOnlyForDeploymentPostprocessing = 0;
		};
		B55331871B15898A00E5CA70 /* Resources */ = {
			isa = PBXResourcesBuildPhase;
			buildActionMask = 2147483647;
			files = (
			);
			runOnlyForDeploymentPostprocessing = 0;
		};
/* End PBXResourcesBuildPhase section */

/* Begin PBXSourcesBuildPhase section */
		B55331701B15898A00E5CA70 /* Sources */ = {
			isa = PBXSourcesBuildPhase;
			buildActionMask = 2147483647;
			files = (
				B553319E1B15906B00E5CA70 /* SearchViewController.swift in Sources */,
				B55331A41B15908200E5CA70 /* TrendingViewController.swift in Sources */,
				B553317C1B15898A00E5CA70 /* ViewController.swift in Sources */,
				B55331A21B15907A00E5CA70 /* AccountViewController.swift in Sources */,
				B55331A61B15A8BC00E5CA70 /* Common.swift in Sources */,
				B553319A1B15905900E5CA70 /* TabBarViewController.swift in Sources */,
				B55331A01B15907300E5CA70 /* ComposeViewController.swift in Sources */,
				B553317A1B15898A00E5CA70 /* AppDelegate.swift in Sources */,
				B553319C1B15906400E5CA70 /* HomeViewController.swift in Sources */,
			);
			runOnlyForDeploymentPostprocessing = 0;
		};
		B55331851B15898A00E5CA70 /* Sources */ = {
			isa = PBXSourcesBuildPhase;
			buildActionMask = 2147483647;
			files = (
				B55331901B15898A00E5CA70 /* TumblrTests.swift in Sources */,
			);
			runOnlyForDeploymentPostprocessing = 0;
		};
/* End PBXSourcesBuildPhase section */

/* Begin PBXTargetDependency section */
		B553318B1B15898A00E5CA70 /* PBXTargetDependency */ = {
			isa = PBXTargetDependency;
			target = B55331731B15898A00E5CA70 /* Tumblr */;
			targetProxy = B553318A1B15898A00E5CA70 /* PBXContainerItemProxy */;
		};
/* End PBXTargetDependency section */

/* Begin PBXVariantGroup section */
		B553317D1B15898A00E5CA70 /* Main.storyboard */ = {
			isa = PBXVariantGroup;
			children = (
				B553317E1B15898A00E5CA70 /* Base */,
			);
			name = Main.storyboard;
			sourceTree = "<group>";
		};
		B55331821B15898A00E5CA70 /* LaunchScreen.xib */ = {
			isa = PBXVariantGroup;
			children = (
				B55331831B15898A00E5CA70 /* Base */,
			);
			name = LaunchScreen.xib;
			sourceTree = "<group>";
		};
/* End PBXVariantGroup section */

/* Begin XCBuildConfiguration section */
		B55331911B15898A00E5CA70 /* Debug */ = {
			isa = XCBuildConfiguration;
			buildSettings = {
				ALWAYS_SEARCH_USER_PATHS = NO;
				CLANG_CXX_LANGUAGE_STANDARD = "gnu++0x";
				CLANG_CXX_LIBRARY = "libc++";
				CLANG_ENABLE_MODULES = YES;
				CLANG_ENABLE_OBJC_ARC = YES;
				CLANG_WARN_BOOL_CONVERSION = YES;
				CLANG_WARN_CONSTANT_CONVERSION = YES;
				CLANG_WARN_DIRECT_OBJC_ISA_USAGE = YES_ERROR;
				CLANG_WARN_EMPTY_BODY = YES;
				CLANG_WARN_ENUM_CONVERSION = YES;
				CLANG_WARN_INT_CONVERSION = YES;
				CLANG_WARN_OBJC_ROOT_CLASS = YES_ERROR;
				CLANG_WARN_UNREACHABLE_CODE = YES;
				CLANG_WARN__DUPLICATE_METHOD_MATCH = YES;
				"CODE_SIGN_IDENTITY[sdk=iphoneos*]" = "iPhone Developer";
				COPY_PHASE_STRIP = NO;
				DEBUG_INFORMATION_FORMAT = "dwarf-with-dsym";
				ENABLE_STRICT_OBJC_MSGSEND = YES;
				GCC_C_LANGUAGE_STANDARD = gnu99;
				GCC_DYNAMIC_NO_PIC = NO;
				GCC_NO_COMMON_BLOCKS = YES;
				GCC_OPTIMIZATION_LEVEL = 0;
				GCC_PREPROCESSOR_DEFINITIONS = (
					"DEBUG=1",
					"$(inherited)",
				);
				GCC_SYMBOLS_PRIVATE_EXTERN = NO;
				GCC_WARN_64_TO_32_BIT_CONVERSION = YES;
				GCC_WARN_ABOUT_RETURN_TYPE = YES_ERROR;
				GCC_WARN_UNDECLARED_SELECTOR = YES;
				GCC_WARN_UNINITIALIZED_AUTOS = YES_AGGRESSIVE;
				GCC_WARN_UNUSED_FUNCTION = YES;
				GCC_WARN_UNUSED_VARIABLE = YES;
				IPHONEOS_DEPLOYMENT_TARGET = 8.3;
				MTL_ENABLE_DEBUG_INFO = YES;
				ONLY_ACTIVE_ARCH = YES;
				SDKROOT = iphoneos;
				SWIFT_OPTIMIZATION_LEVEL = "-Onone";
				TARGETED_DEVICE_FAMILY = "1,2";
			};
			name = Debug;
		};
		B55331921B15898A00E5CA70 /* Release */ = {
			isa = XCBuildConfiguration;
			buildSettings = {
				ALWAYS_SEARCH_USER_PATHS = NO;
				CLANG_CXX_LANGUAGE_STANDARD = "gnu++0x";
				CLANG_CXX_LIBRARY = "libc++";
				CLANG_ENABLE_MODULES = YES;
				CLANG_ENABLE_OBJC_ARC = YES;
				CLANG_WARN_BOOL_CONVERSION = YES;
				CLANG_WARN_CONSTANT_CONVERSION = YES;
				CLANG_WARN_DIRECT_OBJC_ISA_USAGE = YES_ERROR;
				CLANG_WARN_EMPTY_BODY = YES;
				CLANG_WARN_ENUM_CONVERSION = YES;
				CLANG_WARN_INT_CONVERSION = YES;
				CLANG_WARN_OBJC_ROOT_CLASS = YES_ERROR;
				CLANG_WARN_UNREACHABLE_CODE = YES;
				CLANG_WARN__DUPLICATE_METHOD_MATCH = YES;
				"CODE_SIGN_IDENTITY[sdk=iphoneos*]" = "iPhone Developer";
				COPY_PHASE_STRIP = NO;
				DEBUG_INFORMATION_FORMAT = "dwarf-with-dsym";
				ENABLE_NS_ASSERTIONS = NO;
				ENABLE_STRICT_OBJC_MSGSEND = YES;
				GCC_C_LANGUAGE_STANDARD = gnu99;
				GCC_NO_COMMON_BLOCKS = YES;
				GCC_WARN_64_TO_32_BIT_CONVERSION = YES;
				GCC_WARN_ABOUT_RETURN_TYPE = YES_ERROR;
				GCC_WARN_UNDECLARED_SELECTOR = YES;
				GCC_WARN_UNINITIALIZED_AUTOS = YES_AGGRESSIVE;
				GCC_WARN_UNUSED_FUNCTION = YES;
				GCC_WARN_UNUSED_VARIABLE = YES;
				IPHONEOS_DEPLOYMENT_TARGET = 8.3;
				MTL_ENABLE_DEBUG_INFO = NO;
				SDKROOT = iphoneos;
				TARGETED_DEVICE_FAMILY = "1,2";
				VALIDATE_PRODUCT = YES;
			};
			name = Release;
		};
		B55331941B15898A00E5CA70 /* Debug */ = {
			isa = XCBuildConfiguration;
			buildSettings = {
				ASSETCATALOG_COMPILER_APPICON_NAME = AppIcon;
				ASSETCATALOG_COMPILER_LAUNCHIMAGE_NAME = LaunchImage;
				INFOPLIST_FILE = Tumblr/Info.plist;
				LD_RUNPATH_SEARCH_PATHS = "$(inherited) @executable_path/Frameworks";
				PRODUCT_NAME = "$(TARGET_NAME)";
			};
			name = Debug;
		};
		B55331951B15898A00E5CA70 /* Release */ = {
			isa = XCBuildConfiguration;
			buildSettings = {
				ASSETCATALOG_COMPILER_APPICON_NAME = AppIcon;
				ASSETCATALOG_COMPILER_LAUNCHIMAGE_NAME = LaunchImage;
				INFOPLIST_FILE = Tumblr/Info.plist;
				LD_RUNPATH_SEARCH_PATHS = "$(inherited) @executable_path/Frameworks";
				PRODUCT_NAME = "$(TARGET_NAME)";
			};
			name = Release;
		};
		B55331971B15898A00E5CA70 /* Debug */ = {
			isa = XCBuildConfiguration;
			buildSettings = {
				BUNDLE_LOADER = "$(TEST_HOST)";
				FRAMEWORK_SEARCH_PATHS = (
					"$(SDKROOT)/Developer/Library/Frameworks",
					"$(inherited)",
				);
				GCC_PREPROCESSOR_DEFINITIONS = (
					"DEBUG=1",
					"$(inherited)",
				);
				INFOPLIST_FILE = TumblrTests/Info.plist;
				LD_RUNPATH_SEARCH_PATHS = "$(inherited) @executable_path/Frameworks @loader_path/Frameworks";
				PRODUCT_NAME = "$(TARGET_NAME)";
				TEST_HOST = "$(BUILT_PRODUCTS_DIR)/Tumblr.app/Tumblr";
			};
			name = Debug;
		};
		B55331981B15898A00E5CA70 /* Release */ = {
			isa = XCBuildConfiguration;
			buildSettings = {
				BUNDLE_LOADER = "$(TEST_HOST)";
				FRAMEWORK_SEARCH_PATHS = (
					"$(SDKROOT)/Developer/Library/Frameworks",
					"$(inherited)",
				);
				INFOPLIST_FILE = TumblrTests/Info.plist;
				LD_RUNPATH_SEARCH_PATHS = "$(inherited) @executable_path/Frameworks @loader_path/Frameworks";
				PRODUCT_NAME = "$(TARGET_NAME)";
				TEST_HOST = "$(BUILT_PRODUCTS_DIR)/Tumblr.app/Tumblr";
			};
			name = Release;
		};
/* End XCBuildConfiguration section */

/* Begin XCConfigurationList section */
		B553316F1B15898A00E5CA70 /* Build configuration list for PBXProject "Tumblr" */ = {
			isa = XCConfigurationList;
			buildConfigurations = (
				B55331911B15898A00E5CA70 /* Debug */,
				B55331921B15898A00E5CA70 /* Release */,
			);
			defaultConfigurationIsVisible = 0;
			defaultConfigurationName = Release;
		};
		B55331931B15898A00E5CA70 /* Build configuration list for PBXNativeTarget "Tumblr" */ = {
			isa = XCConfigurationList;
			buildConfigurations = (
				B55331941B15898A00E5CA70 /* Debug */,
				B55331951B15898A00E5CA70 /* Release */,
			);
			defaultConfigurationIsVisible = 0;
		};
		B55331961B15898A00E5CA70 /* Build configuration list for PBXNativeTarget "TumblrTests" */ = {
			isa = XCConfigurationList;
			buildConfigurations = (
				B55331971B15898A00E5CA70 /* Debug */,
				B55331981B15898A00E5CA70 /* Release */,
			);
			defaultConfigurationIsVisible = 0;
		};
/* End XCConfigurationList section */
	};
	rootObject = B553316C1B15898A00E5CA70 /* Project object */;
}
